
Microsoft Visual Studio Solution File, Format Version 12.00
# Visual Studio 15
VisualStudioVersion = 15.0.26730.15
MinimumVisualStudioVersion = 10.0.40219.1
Project("{FAE04EC0-301F-11D3-BF4B-00C04F79EFBC}") = "QuickTasks.Android", "QuickTasks\QuickTasks.Android\QuickTasks.Android.csproj", "{7D0A91C6-1113-469A-A96E-AC6DC4FFEB44}"
EndProject
Project("{FAE04EC0-301F-11D3-BF4B-00C04F79EFBC}") = "QuickTasks", "QuickTasks\QuickTasks\QuickTasks.csproj", "{8E70BCF9-F4A0-4431-A6F4-2F66FA539B62}"
EndProject
Project("{FAE04EC0-301F-11D3-BF4B-00C04F79EFBC}") = "QuickTasks.UWP", "QuickTasks\QuickTasks.UWP\QuickTasks.UWP.csproj", "{FFC5CD3F-7880-46A1-86D0-39D023128F45}"
EndProject
Project("{FAE04EC0-301F-11D3-BF4B-00C04F79EFBC}") = "QuickTasks.iOS", "QuickTasks\QuickTasks.iOS\QuickTasks.iOS.csproj", "{12E9249C-8EDA-4DC9-B2A5-0B92573AEA60}"
EndProject
Global
	GlobalSection(SolutionConfigurationPlatforms) = preSolution
		Ad-Hoc|Any CPU = Ad-Hoc|Any CPU
		Ad-Hoc|ARM = Ad-Hoc|ARM
		Ad-Hoc|iPhone = Ad-Hoc|iPhone
		Ad-Hoc|iPhoneSimulator = Ad-Hoc|iPhoneSimulator
		Ad-Hoc|x64 = Ad-Hoc|x64
		Ad-Hoc|x86 = Ad-Hoc|x86
		AppStore|Any CPU = AppStore|Any CPU
		AppStore|ARM = AppStore|ARM
		AppStore|iPhone = AppStore|iPhone
		AppStore|iPhoneSimulator = AppStore|iPhoneSimulator
		AppStore|x64 = AppStore|x64
		AppStore|x86 = AppStore|x86
		Debug|Any CPU = Debug|Any CPU
		Debug|ARM = Debug|ARM
		Debug|iPhone = Debug|iPhone
		Debug|iPhoneSimulator = Debug|iPhoneSimulator
		Debug|x64 = Debug|x64
		Debug|x86 = Debug|x86
		Release|Any CPU = Release|Any CPU
		Release|ARM = Release|ARM
		Release|iPhone = Release|iPhone
		Release|iPhoneSimulator = Release|iPhoneSimulator
		Release|x64 = Release|x64
		Release|x86 = Release|x86
	EndGlobalSection
	GlobalSection(ProjectConfigurationPlatforms) = postSolution
		{7D0A91C6-1113-469A-A96E-AC6DC4FFEB44}.Ad-Hoc|Any CPU.ActiveCfg = Release|Any CPU
		{7D0A91C6-1113-469A-A96E-AC6DC4FFEB44}.Ad-Hoc|Any CPU.Build.0 = Release|Any CPU
		{7D0A91C6-1113-469A-A96E-AC6DC4FFEB44}.Ad-Hoc|Any CPU.Deploy.0 = Release|Any CPU
		{7D0A91C6-1113-469A-A96E-AC6DC4FFEB44}.Ad-Hoc|ARM.ActiveCfg = Release|Any CPU
		{7D0A91C6-1113-469A-A96E-AC6DC4FFEB44}.Ad-Hoc|ARM.Build.0 = Release|Any CPU
		{7D0A91C6-1113-469A-A96E-AC6DC4FFEB44}.Ad-Hoc|ARM.Deploy.0 = Release|Any CPU
		{7D0A91C6-1113-469A-A96E-AC6DC4FFEB44}.Ad-Hoc|iPhone.ActiveCfg = Release|Any CPU
		{7D0A91C6-1113-469A-A96E-AC6DC4FFEB44}.Ad-Hoc|iPhone.Build.0 = Release|Any CPU
		{7D0A91C6-1113-469A-A96E-AC6DC4FFEB44}.Ad-Hoc|iPhone.Deploy.0 = Release|Any CPU
		{7D0A91C6-1113-469A-A96E-AC6DC4FFEB44}.Ad-Hoc|iPhoneSimulator.ActiveCfg = Release|Any CPU
		{7D0A91C6-1113-469A-A96E-AC6DC4FFEB44}.Ad-Hoc|iPhoneSimulator.Build.0 = Release|Any CPU
		{7D0A91C6-1113-469A-A96E-AC6DC4FFEB44}.Ad-Hoc|iPhoneSimulator.Deploy.0 = Release|Any CPU
		{7D0A91C6-1113-469A-A96E-AC6DC4FFEB44}.Ad-Hoc|x64.ActiveCfg = Release|Any CPU
		{7D0A91C6-1113-469A-A96E-AC6DC4FFEB44}.Ad-Hoc|x64.Build.0 = Release|Any CPU
		{7D0A91C6-1113-469A-A96E-AC6DC4FFEB44}.Ad-Hoc|x64.Deploy.0 = Release|Any CPU
		{7D0A91C6-1113-469A-A96E-AC6DC4FFEB44}.Ad-Hoc|x86.ActiveCfg = Release|Any CPU
		{7D0A91C6-1113-469A-A96E-AC6DC4FFEB44}.Ad-Hoc|x86.Build.0 = Release|Any CPU
		{7D0A91C6-1113-469A-A96E-AC6DC4FFEB44}.Ad-Hoc|x86.Deploy.0 = Release|Any CPU
		{7D0A91C6-1113-469A-A96E-AC6DC4FFEB44}.AppStore|Any CPU.ActiveCfg = Release|Any CPU
		{7D0A91C6-1113-469A-A96E-AC6DC4FFEB44}.AppStore|Any CPU.Build.0 = Release|Any CPU
		{7D0A91C6-1113-469A-A96E-AC6DC4FFEB44}.AppStore|Any CPU.Deploy.0 = Release|Any CPU
		{7D0A91C6-1113-469A-A96E-AC6DC4FFEB44}.AppStore|ARM.ActiveCfg = Release|Any CPU
		{7D0A91C6-1113-469A-A96E-AC6DC4FFEB44}.AppStore|ARM.Build.0 = Release|Any CPU
		{7D0A91C6-1113-469A-A96E-AC6DC4FFEB44}.AppStore|ARM.Deploy.0 = Release|Any CPU
		{7D0A91C6-1113-469A-A96E-AC6DC4FFEB44}.AppStore|iPhone.ActiveCfg = Release|Any CPU
		{7D0A91C6-1113-469A-A96E-AC6DC4FFEB44}.AppStore|iPhone.Build.0 = Release|Any CPU
		{7D0A91C6-1113-469A-A96E-AC6DC4FFEB44}.AppStore|iPhone.Deploy.0 = Release|Any CPU
		{7D0A91C6-1113-469A-A96E-AC6DC4FFEB44}.AppStore|iPhoneSimulator.ActiveCfg = Release|Any CPU
		{7D0A91C6-1113-469A-A96E-AC6DC4FFEB44}.AppStore|iPhoneSimulator.Build.0 = Release|Any CPU
		{7D0A91C6-1113-469A-A96E-AC6DC4FFEB44}.AppStore|iPhoneSimulator.Deploy.0 = Release|Any CPU
		{7D0A91C6-1113-469A-A96E-AC6DC4FFEB44}.AppStore|x64.ActiveCfg = Release|Any CPU
		{7D0A91C6-1113-469A-A96E-AC6DC4FFEB44}.AppStore|x64.Build.0 = Release|Any CPU
		{7D0A91C6-1113-469A-A96E-AC6DC4FFEB44}.AppStore|x64.Deploy.0 = Release|Any CPU
		{7D0A91C6-1113-469A-A96E-AC6DC4FFEB44}.AppStore|x86.ActiveCfg = Release|Any CPU
		{7D0A91C6-1113-469A-A96E-AC6DC4FFEB44}.AppStore|x86.Build.0 = Release|Any CPU
		{7D0A91C6-1113-469A-A96E-AC6DC4FFEB44}.AppStore|x86.Deploy.0 = Release|Any CPU
		{7D0A91C6-1113-469A-A96E-AC6DC4FFEB44}.Debug|Any CPU.ActiveCfg = Debug|Any CPU
		{7D0A91C6-1113-469A-A96E-AC6DC4FFEB44}.Debug|Any CPU.Build.0 = Debug|Any CPU
		{7D0A91C6-1113-469A-A96E-AC6DC4FFEB44}.Debug|Any CPU.Deploy.0 = Debug|Any CPU
		{7D0A91C6-1113-469A-A96E-AC6DC4FFEB44}.Debug|ARM.ActiveCfg = Debug|Any CPU
		{7D0A91C6-1113-469A-A96E-AC6DC4FFEB44}.Debug|ARM.Build.0 = Debug|Any CPU
		{7D0A91C6-1113-469A-A96E-AC6DC4FFEB44}.Debug|ARM.Deploy.0 = Debug|Any CPU
		{7D0A91C6-1113-469A-A96E-AC6DC4FFEB44}.Debug|iPhone.ActiveCfg = Debug|Any CPU
		{7D0A91C6-1113-469A-A96E-AC6DC4FFEB44}.Debug|iPhone.Build.0 = Debug|Any CPU
		{7D0A91C6-1113-469A-A96E-AC6DC4FFEB44}.Debug|iPhone.Deploy.0 = Debug|Any CPU
		{7D0A91C6-1113-469A-A96E-AC6DC4FFEB44}.Debug|iPhoneSimulator.ActiveCfg = Debug|Any CPU
		{7D0A91C6-1113-469A-A96E-AC6DC4FFEB44}.Debug|iPhoneSimulator.Build.0 = Debug|Any CPU
		{7D0A91C6-1113-469A-A96E-AC6DC4FFEB44}.Debug|iPhoneSimulator.Deploy.0 = Debug|Any CPU
		{7D0A91C6-1113-469A-A96E-AC6DC4FFEB44}.Debug|x64.ActiveCfg = Debug|Any CPU
		{7D0A91C6-1113-469A-A96E-AC6DC4FFEB44}.Debug|x64.Build.0 = Debug|Any CPU
		{7D0A91C6-1113-469A-A96E-AC6DC4FFEB44}.Debug|x64.Deploy.0 = Debug|Any CPU
		{7D0A91C6-1113-469A-A96E-AC6DC4FFEB44}.Debug|x86.ActiveCfg = Debug|Any CPU
		{7D0A91C6-1113-469A-A96E-AC6DC4FFEB44}.Debug|x86.Build.0 = Debug|Any CPU
		{7D0A91C6-1113-469A-A96E-AC6DC4FFEB44}.Debug|x86.Deploy.0 = Debug|Any CPU
		{7D0A91C6-1113-469A-A96E-AC6DC4FFEB44}.Release|Any CPU.ActiveCfg = Release|Any CPU
		{7D0A91C6-1113-469A-A96E-AC6DC4FFEB44}.Release|Any CPU.Build.0 = Release|Any CPU
		{7D0A91C6-1113-469A-A96E-AC6DC4FFEB44}.Release|Any CPU.Deploy.0 = Release|Any CPU
		{7D0A91C6-1113-469A-A96E-AC6DC4FFEB44}.Release|ARM.ActiveCfg = Release|Any CPU
		{7D0A91C6-1113-469A-A96E-AC6DC4FFEB44}.Release|ARM.Build.0 = Release|Any CPU
		{7D0A91C6-1113-469A-A96E-AC6DC4FFEB44}.Release|ARM.Deploy.0 = Release|Any CPU
		{7D0A91C6-1113-469A-A96E-AC6DC4FFEB44}.Release|iPhone.ActiveCfg = Release|Any CPU
		{7D0A91C6-1113-469A-A96E-AC6DC4FFEB44}.Release|iPhone.Build.0 = Release|Any CPU
		{7D0A91C6-1113-469A-A96E-AC6DC4FFEB44}.Release|iPhone.Deploy.0 = Release|Any CPU
		{7D0A91C6-1113-469A-A96E-AC6DC4FFEB44}.Release|iPhoneSimulator.ActiveCfg = Release|Any CPU
		{7D0A91C6-1113-469A-A96E-AC6DC4FFEB44}.Release|iPhoneSimulator.Build.0 = Release|Any CPU
		{7D0A91C6-1113-469A-A96E-AC6DC4FFEB44}.Release|iPhoneSimulator.Deploy.0 = Release|Any CPU
		{7D0A91C6-1113-469A-A96E-AC6DC4FFEB44}.Release|x64.ActiveCfg = Release|Any CPU
		{7D0A91C6-1113-469A-A96E-AC6DC4FFEB44}.Release|x64.Build.0 = Release|Any CPU
		{7D0A91C6-1113-469A-A96E-AC6DC4FFEB44}.Release|x64.Deploy.0 = Release|Any CPU
		{7D0A91C6-1113-469A-A96E-AC6DC4FFEB44}.Release|x86.ActiveCfg = Release|Any CPU
		{7D0A91C6-1113-469A-A96E-AC6DC4FFEB44}.Release|x86.Build.0 = Release|Any CPU
		{7D0A91C6-1113-469A-A96E-AC6DC4FFEB44}.Release|x86.Deploy.0 = Release|Any CPU
		{8E70BCF9-F4A0-4431-A6F4-2F66FA539B62}.Ad-Hoc|Any CPU.ActiveCfg = Release|Any CPU
		{8E70BCF9-F4A0-4431-A6F4-2F66FA539B62}.Ad-Hoc|Any CPU.Build.0 = Release|Any CPU
		{8E70BCF9-F4A0-4431-A6F4-2F66FA539B62}.Ad-Hoc|ARM.ActiveCfg = Release|Any CPU
		{8E70BCF9-F4A0-4431-A6F4-2F66FA539B62}.Ad-Hoc|ARM.Build.0 = Release|Any CPU
		{8E70BCF9-F4A0-4431-A6F4-2F66FA539B62}.Ad-Hoc|iPhone.ActiveCfg = Release|Any CPU
		{8E70BCF9-F4A0-4431-A6F4-2F66FA539B62}.Ad-Hoc|iPhone.Build.0 = Release|Any CPU
		{8E70BCF9-F4A0-4431-A6F4-2F66FA539B62}.Ad-Hoc|iPhoneSimulator.ActiveCfg = Release|Any CPU
		{8E70BCF9-F4A0-4431-A6F4-2F66FA539B62}.Ad-Hoc|iPhoneSimulator.Build.0 = Release|Any CPU
		{8E70BCF9-F4A0-4431-A6F4-2F66FA539B62}.Ad-Hoc|x64.ActiveCfg = Release|Any CPU
		{8E70BCF9-F4A0-4431-A6F4-2F66FA539B62}.Ad-Hoc|x64.Build.0 = Release|Any CPU
		{8E70BCF9-F4A0-4431-A6F4-2F66FA539B62}.Ad-Hoc|x86.ActiveCfg = Release|Any CPU
		{8E70BCF9-F4A0-4431-A6F4-2F66FA539B62}.Ad-Hoc|x86.Build.0 = Release|Any CPU
		{8E70BCF9-F4A0-4431-A6F4-2F66FA539B62}.AppStore|Any CPU.ActiveCfg = Release|Any CPU
		{8E70BCF9-F4A0-4431-A6F4-2F66FA539B62}.AppStore|Any CPU.Build.0 = Release|Any CPU
		{8E70BCF9-F4A0-4431-A6F4-2F66FA539B62}.AppStore|ARM.ActiveCfg = Release|Any CPU
		{8E70BCF9-F4A0-4431-A6F4-2F66FA539B62}.AppStore|ARM.Build.0 = Release|Any CPU
		{8E70BCF9-F4A0-4431-A6F4-2F66FA539B62}.AppStore|iPhone.ActiveCfg = Release|Any CPU
		{8E70BCF9-F4A0-4431-A6F4-2F66FA539B62}.AppStore|iPhone.Build.0 = Release|Any CPU
		{8E70BCF9-F4A0-4431-A6F4-2F66FA539B62}.AppStore|iPhoneSimulator.ActiveCfg = Release|Any CPU
		{8E70BCF9-F4A0-4431-A6F4-2F66FA539B62}.AppStore|iPhoneSimulator.Build.0 = Release|Any CPU
		{8E70BCF9-F4A0-4431-A6F4-2F66FA539B62}.AppStore|x64.ActiveCfg = Release|Any CPU
		{8E70BCF9-F4A0-4431-A6F4-2F66FA539B62}.AppStore|x64.Build.0 = Release|Any CPU
		{8E70BCF9-F4A0-4431-A6F4-2F66FA539B62}.AppStore|x86.ActiveCfg = Release|Any CPU
		{8E70BCF9-F4A0-4431-A6F4-2F66FA539B62}.AppStore|x86.Build.0 = Release|Any CPU
		{8E70BCF9-F4A0-4431-A6F4-2F66FA539B62}.Debug|Any CPU.ActiveCfg = Debug|Any CPU
		{8E70BCF9-F4A0-4431-A6F4-2F66FA539B62}.Debug|Any CPU.Build.0 = Debug|Any CPU
		{8E70BCF9-F4A0-4431-A6F4-2F66FA539B62}.Debug|ARM.ActiveCfg = Debug|Any CPU
		{8E70BCF9-F4A0-4431-A6F4-2F66FA539B62}.Debug|ARM.Build.0 = Debug|Any CPU
		{8E70BCF9-F4A0-4431-A6F4-2F66FA539B62}.Debug|iPhone.ActiveCfg = Debug|Any CPU
		{8E70BCF9-F4A0-4431-A6F4-2F66FA539B62}.Debug|iPhone.Build.0 = Debug|Any CPU
		{8E70BCF9-F4A0-4431-A6F4-2F66FA539B62}.Debug|iPhoneSimulator.ActiveCfg = Debug|Any CPU
		{8E70BCF9-F4A0-4431-A6F4-2F66FA539B62}.Debug|iPhoneSimulator.Build.0 = Debug|Any CPU
		{8E70BCF9-F4A0-4431-A6F4-2F66FA539B62}.Debug|x64.ActiveCfg = Debug|Any CPU
		{8E70BCF9-F4A0-4431-A6F4-2F66FA539B62}.Debug|x64.Build.0 = Debug|Any CPU
		{8E70BCF9-F4A0-4431-A6F4-2F66FA539B62}.Debug|x86.ActiveCfg = Debug|Any CPU
		{8E70BCF9-F4A0-4431-A6F4-2F66FA539B62}.Debug|x86.Build.0 = Debug|Any CPU
		{8E70BCF9-F4A0-4431-A6F4-2F66FA539B62}.Release|Any CPU.ActiveCfg = Release|Any CPU
		{8E70BCF9-F4A0-4431-A6F4-2F66FA539B62}.Release|Any CPU.Build.0 = Release|Any CPU
		{8E70BCF9-F4A0-4431-A6F4-2F66FA539B62}.Release|ARM.ActiveCfg = Release|Any CPU
		{8E70BCF9-F4A0-4431-A6F4-2F66FA539B62}.Release|ARM.Build.0 = Release|Any CPU
		{8E70BCF9-F4A0-4431-A6F4-2F66FA539B62}.Release|iPhone.ActiveCfg = Release|Any CPU
		{8E70BCF9-F4A0-4431-A6F4-2F66FA539B62}.Release|iPhone.Build.0 = Release|Any CPU
		{8E70BCF9-F4A0-4431-A6F4-2F66FA539B62}.Release|iPhoneSimulator.ActiveCfg = Release|Any CPU
		{8E70BCF9-F4A0-4431-A6F4-2F66FA539B62}.Release|iPhoneSimulator.Build.0 = Release|Any CPU
		{8E70BCF9-F4A0-4431-A6F4-2F66FA539B62}.Release|x64.ActiveCfg = Release|Any CPU
		{8E70BCF9-F4A0-4431-A6F4-2F66FA539B62}.Release|x64.Build.0 = Release|Any CPU
		{8E70BCF9-F4A0-4431-A6F4-2F66FA539B62}.Release|x86.ActiveCfg = Release|Any CPU
		{8E70BCF9-F4A0-4431-A6F4-2F66FA539B62}.Release|x86.Build.0 = Release|Any CPU
		{FFC5CD3F-7880-46A1-86D0-39D023128F45}.Ad-Hoc|Any CPU.ActiveCfg = Release|x86
		{FFC5CD3F-7880-46A1-86D0-39D023128F45}.Ad-Hoc|Any CPU.Build.0 = Release|x86
		{FFC5CD3F-7880-46A1-86D0-39D023128F45}.Ad-Hoc|Any CPU.Deploy.0 = Release|x86
		{FFC5CD3F-7880-46A1-86D0-39D023128F45}.Ad-Hoc|ARM.ActiveCfg = Release|ARM
		{FFC5CD3F-7880-46A1-86D0-39D023128F45}.Ad-Hoc|ARM.Build.0 = Release|ARM
		{FFC5CD3F-7880-46A1-86D0-39D023128F45}.Ad-Hoc|ARM.Deploy.0 = Release|ARM
		{FFC5CD3F-7880-46A1-86D0-39D023128F45}.Ad-Hoc|iPhone.ActiveCfg = Release|x86
		{FFC5CD3F-7880-46A1-86D0-39D023128F45}.Ad-Hoc|iPhone.Build.0 = Release|x86
		{FFC5CD3F-7880-46A1-86D0-39D023128F45}.Ad-Hoc|iPhone.Deploy.0 = Release|x86
		{FFC5CD3F-7880-46A1-86D0-39D023128F45}.Ad-Hoc|iPhoneSimulator.ActiveCfg = Release|x86
		{FFC5CD3F-7880-46A1-86D0-39D023128F45}.Ad-Hoc|iPhoneSimulator.Build.0 = Release|x86
		{FFC5CD3F-7880-46A1-86D0-39D023128F45}.Ad-Hoc|iPhoneSimulator.Deploy.0 = Release|x86
		{FFC5CD3F-7880-46A1-86D0-39D023128F45}.Ad-Hoc|x64.ActiveCfg = Release|x64
		{FFC5CD3F-7880-46A1-86D0-39D023128F45}.Ad-Hoc|x64.Build.0 = Release|x64
		{FFC5CD3F-7880-46A1-86D0-39D023128F45}.Ad-Hoc|x64.Deploy.0 = Release|x64
		{FFC5CD3F-7880-46A1-86D0-39D023128F45}.Ad-Hoc|x86.ActiveCfg = Release|x86
		{FFC5CD3F-7880-46A1-86D0-39D023128F45}.Ad-Hoc|x86.Build.0 = Release|x86
		{FFC5CD3F-7880-46A1-86D0-39D023128F45}.Ad-Hoc|x86.Deploy.0 = Release|x86
		{FFC5CD3F-7880-46A1-86D0-39D023128F45}.AppStore|Any CPU.ActiveCfg = Release|x86
		{FFC5CD3F-7880-46A1-86D0-39D023128F45}.AppStore|Any CPU.Build.0 = Release|x86
		{FFC5CD3F-7880-46A1-86D0-39D023128F45}.AppStore|Any CPU.Deploy.0 = Release|x86
		{FFC5CD3F-7880-46A1-86D0-39D023128F45}.AppStore|ARM.ActiveCfg = Release|ARM
		{FFC5CD3F-7880-46A1-86D0-39D023128F45}.AppStore|ARM.Build.0 = Release|ARM
		{FFC5CD3F-7880-46A1-86D0-39D023128F45}.AppStore|ARM.Deploy.0 = Release|ARM
		{FFC5CD3F-7880-46A1-86D0-39D023128F45}.AppStore|iPhone.ActiveCfg = Release|x86
		{FFC5CD3F-7880-46A1-86D0-39D023128F45}.AppStore|iPhone.Build.0 = Release|x86
		{FFC5CD3F-7880-46A1-86D0-39D023128F45}.AppStore|iPhone.Deploy.0 = Release|x86
		{FFC5CD3F-7880-46A1-86D0-39D023128F45}.AppStore|iPhoneSimulator.ActiveCfg = Release|x86
		{FFC5CD3F-7880-46A1-86D0-39D023128F45}.AppStore|iPhoneSimulator.Build.0 = Release|x86
		{FFC5CD3F-7880-46A1-86D0-39D023128F45}.AppStore|iPhoneSimulator.Deploy.0 = Release|x86
		{FFC5CD3F-7880-46A1-86D0-39D023128F45}.AppStore|x64.ActiveCfg = Release|x64
		{FFC5CD3F-7880-46A1-86D0-39D023128F45}.AppStore|x64.Build.0 = Release|x64
		{FFC5CD3F-7880-46A1-86D0-39D023128F45}.AppStore|x64.Deploy.0 = Release|x64
		{FFC5CD3F-7880-46A1-86D0-39D023128F45}.AppStore|x86.ActiveCfg = Release|x86
		{FFC5CD3F-7880-46A1-86D0-39D023128F45}.AppStore|x86.Build.0 = Release|x86
		{FFC5CD3F-7880-46A1-86D0-39D023128F45}.AppStore|x86.Deploy.0 = Release|x86
		{FFC5CD3F-7880-46A1-86D0-39D023128F45}.Debug|Any CPU.ActiveCfg = Debug|x86
		{FFC5CD3F-7880-46A1-86D0-39D023128F45}.Debug|ARM.ActiveCfg = Debug|ARM
		{FFC5CD3F-7880-46A1-86D0-39D023128F45}.Debug|ARM.Build.0 = Debug|ARM
		{FFC5CD3F-7880-46A1-86D0-39D023128F45}.Debug|ARM.Deploy.0 = Debug|ARM
		{FFC5CD3F-7880-46A1-86D0-39D023128F45}.Debug|iPhone.ActiveCfg = Debug|x86
		{FFC5CD3F-7880-46A1-86D0-39D023128F45}.Debug|iPhoneSimulator.ActiveCfg = Debug|x86
		{FFC5CD3F-7880-46A1-86D0-39D023128F45}.Debug|x64.ActiveCfg = Debug|x64
		{FFC5CD3F-7880-46A1-86D0-39D023128F45}.Debug|x64.Build.0 = Debug|x64
		{FFC5CD3F-7880-46A1-86D0-39D023128F45}.Debug|x64.Deploy.0 = Debug|x64
		{FFC5CD3F-7880-46A1-86D0-39D023128F45}.Debug|x86.ActiveCfg = Debug|x86
		{FFC5CD3F-7880-46A1-86D0-39D023128F45}.Debug|x86.Build.0 = Debug|x86
		{FFC5CD3F-7880-46A1-86D0-39D023128F45}.Debug|x86.Deploy.0 = Debug|x86
		{FFC5CD3F-7880-46A1-86D0-39D023128F45}.Release|Any CPU.ActiveCfg = Release|x86
		{FFC5CD3F-7880-46A1-86D0-39D023128F45}.Release|ARM.ActiveCfg = Release|ARM
		{FFC5CD3F-7880-46A1-86D0-39D023128F45}.Release|ARM.Build.0 = Release|ARM
		{FFC5CD3F-7880-46A1-86D0-39D023128F45}.Release|ARM.Deploy.0 = Release|ARM
		{FFC5CD3F-7880-46A1-86D0-39D023128F45}.Release|iPhone.ActiveCfg = Release|x86
		{FFC5CD3F-7880-46A1-86D0-39D023128F45}.Release|iPhoneSimulator.ActiveCfg = Release|x86
		{FFC5CD3F-7880-46A1-86D0-39D023128F45}.Release|x64.ActiveCfg = Release|x64
		{FFC5CD3F-7880-46A1-86D0-39D023128F45}.Release|x64.Build.0 = Release|x64
		{FFC5CD3F-7880-46A1-86D0-39D023128F45}.Release|x64.Deploy.0 = Release|x64
		{FFC5CD3F-7880-46A1-86D0-39D023128F45}.Release|x86.ActiveCfg = Release|x86
		{FFC5CD3F-7880-46A1-86D0-39D023128F45}.Release|x86.Build.0 = Release|x86
		{FFC5CD3F-7880-46A1-86D0-39D023128F45}.Release|x86.Deploy.0 = Release|x86
		{12E9249C-8EDA-4DC9-B2A5-0B92573AEA60}.Ad-Hoc|Any CPU.ActiveCfg = Ad-Hoc|iPhone
		{12E9249C-8EDA-4DC9-B2A5-0B92573AEA60}.Ad-Hoc|ARM.ActiveCfg = Ad-Hoc|iPhone
		{12E9249C-8EDA-4DC9-B2A5-0B92573AEA60}.Ad-Hoc|iPhone.ActiveCfg = Ad-Hoc|iPhone
		{12E9249C-8EDA-4DC9-B2A5-0B92573AEA60}.Ad-Hoc|iPhone.Build.0 = Ad-Hoc|iPhone
		{12E9249C-8EDA-4DC9-B2A5-0B92573AEA60}.Ad-Hoc|iPhoneSimulator.ActiveCfg = Ad-Hoc|iPhoneSimulator
		{12E9249C-8EDA-4DC9-B2A5-0B92573AEA60}.Ad-Hoc|iPhoneSimulator.Build.0 = Ad-Hoc|iPhoneSimulator
		{12E9249C-8EDA-4DC9-B2A5-0B92573AEA60}.Ad-Hoc|x64.ActiveCfg = Ad-Hoc|iPhone
		{12E9249C-8EDA-4DC9-B2A5-0B92573AEA60}.Ad-Hoc|x86.ActiveCfg = Ad-Hoc|iPhone
		{12E9249C-8EDA-4DC9-B2A5-0B92573AEA60}.AppStore|Any CPU.ActiveCfg = AppStore|iPhone
		{12E9249C-8EDA-4DC9-B2A5-0B92573AEA60}.AppStore|ARM.ActiveCfg = AppStore|iPhone
		{12E9249C-8EDA-4DC9-B2A5-0B92573AEA60}.AppStore|iPhone.ActiveCfg = AppStore|iPhone
		{12E9249C-8EDA-4DC9-B2A5-0B92573AEA60}.AppStore|iPhone.Build.0 = AppStore|iPhone
		{12E9249C-8EDA-4DC9-B2A5-0B92573AEA60}.AppStore|iPhoneSimulator.ActiveCfg = AppStore|iPhoneSimulator
		{12E9249C-8EDA-4DC9-B2A5-0B92573AEA60}.AppStore|iPhoneSimulator.Build.0 = AppStore|iPhoneSimulator
		{12E9249C-8EDA-4DC9-B2A5-0B92573AEA60}.AppStore|x64.ActiveCfg = AppStore|iPhone
		{12E9249C-8EDA-4DC9-B2A5-0B92573AEA60}.AppStore|x86.ActiveCfg = AppStore|iPhone
		{12E9249C-8EDA-4DC9-B2A5-0B92573AEA60}.Debug|Any CPU.ActiveCfg = Debug|iPhone
		{12E9249C-8EDA-4DC9-B2A5-0B92573AEA60}.Debug|ARM.ActiveCfg = Debug|iPhone
		{12E9249C-8EDA-4DC9-B2A5-0B92573AEA60}.Debug|iPhone.ActiveCfg = Debug|iPhone
		{12E9249C-8EDA-4DC9-B2A5-0B92573AEA60}.Debug|iPhone.Build.0 = Debug|iPhone
		{12E9249C-8EDA-4DC9-B2A5-0B92573AEA60}.Debug|iPhoneSimulator.ActiveCfg = Debug|iPhoneSimulator
		{12E9249C-8EDA-4DC9-B2A5-0B92573AEA60}.Debug|iPhoneSimulator.Build.0 = Debug|iPhoneSimulator
		{12E9249C-8EDA-4DC9-B2A5-0B92573AEA60}.Debug|x64.ActiveCfg = Debug|iPhone
		{12E9249C-8EDA-4DC9-B2A5-0B92573AEA60}.Debug|x86.ActiveCfg = Debug|iPhone
		{12E9249C-8EDA-4DC9-B2A5-0B92573AEA60}.Release|Any CPU.ActiveCfg = Release|iPhone
		{12E9249C-8EDA-4DC9-B2A5-0B92573AEA60}.Release|ARM.ActiveCfg = Release|iPhone
		{12E9249C-8EDA-4DC9-B2A5-0B92573AEA60}.Release|iPhone.ActiveCfg = Release|iPhone
		{12E9249C-8EDA-4DC9-B2A5-0B92573AEA60}.Release|iPhone.Build.0 = Release|iPhone
		{12E9249C-8EDA-4DC9-B2A5-0B92573AEA60}.Release|iPhoneSimulator.ActiveCfg = Release|iPhoneSimulator
		{12E9249C-8EDA-4DC9-B2A5-0B92573AEA60}.Release|iPhoneSimulator.Build.0 = Release|iPhoneSimulator
		{12E9249C-8EDA-4DC9-B2A5-0B92573AEA60}.Release|x64.ActiveCfg = Release|iPhone
		{12E9249C-8EDA-4DC9-B2A5-0B92573AEA60}.Release|x86.ActiveCfg = Release|iPhone
	EndGlobalSection
	GlobalSection(SolutionProperties) = preSolution
		HideSolutionNode = FALSE
	EndGlobalSection
	GlobalSection(ExtensibilityGlobals) = postSolution
		SolutionGuid = {2E49F4CD-255A-490D-A185-A56C4CA137E3}
	EndGlobalSection
EndGlobal
